// !$*UTF8*$!
{
	archiveVersion = 1;
	classes = {
	};
	objectVersion = 46;
	objects = {

/* Begin PBXBuildFile section */
		3CD3EC0BE1C6F9766D208FDB /* Pods_LBAiBoKe.framework in Frameworks */ = {isa = PBXBuildFile; fileRef = 660164CEDE1EF2BA42C5D470 /* Pods_LBAiBoKe.framework */; };
		F887D6061F42781900EF1FAA /* main.m in Sources */ = {isa = PBXBuildFile; fileRef = F887D6051F42781900EF1FAA /* main.m */; };
		F887D60F1F42781900EF1FAA /* Main.storyboard in Resources */ = {isa = PBXBuildFile; fileRef = F887D60D1F42781900EF1FAA /* Main.storyboard */; };
		F887D6121F42781900EF1FAA /* LBAiBoKe.xcdatamodeld in Sources */ = {isa = PBXBuildFile; fileRef = F887D6101F42781900EF1FAA /* LBAiBoKe.xcdatamodeld */; };
		F887D6141F42781900EF1FAA /* Assets.xcassets in Resources */ = {isa = PBXBuildFile; fileRef = F887D6131F42781900EF1FAA /* Assets.xcassets */; };
		F887D6171F42781900EF1FAA /* LaunchScreen.storyboard in Resources */ = {isa = PBXBuildFile; fileRef = F887D6151F42781900EF1FAA /* LaunchScreen.storyboard */; };
		F887D6241F4279BD00EF1FAA /* AppDelegate.m in Sources */ = {isa = PBXBuildFile; fileRef = F887D6231F4279BD00EF1FAA /* AppDelegate.m */; };
		F887D62E1F427B5300EF1FAA /* LBABKTabBarController.m in Sources */ = {isa = PBXBuildFile; fileRef = F887D62D1F427B5300EF1FAA /* LBABKTabBarController.m */; };
		F887D6311F427C1400EF1FAA /* LBABKNaviController.m in Sources */ = {isa = PBXBuildFile; fileRef = F887D6301F427C1400EF1FAA /* LBABKNaviController.m */; };
		F887D6481F427E4200EF1FAA /* LBABKHomeController.m in Sources */ = {isa = PBXBuildFile; fileRef = F887D6471F427E4200EF1FAA /* LBABKHomeController.m */; };
		F887D64B1F427E5500EF1FAA /* LBABKShopController.m in Sources */ = {isa = PBXBuildFile; fileRef = F887D64A1F427E5500EF1FAA /* LBABKShopController.m */; };
		F887D64E1F427E6A00EF1FAA /* LBABKClassifyController.m in Sources */ = {isa = PBXBuildFile; fileRef = F887D64D1F427E6A00EF1FAA /* LBABKClassifyController.m */; };
		F887D6511F427E7600EF1FAA /* LBABKMineController.m in Sources */ = {isa = PBXBuildFile; fileRef = F887D6501F427E7600EF1FAA /* LBABKMineController.m */; };
		F887D6541F427E8400EF1FAA /* LBABKClubController.m in Sources */ = {isa = PBXBuildFile; fileRef = F887D6531F427E8400EF1FAA /* LBABKClubController.m */; };
		F887D6701F4282FA00EF1FAA /* NSArray+Log.m in Sources */ = {isa = PBXBuildFile; fileRef = F887D6591F4282FA00EF1FAA /* NSArray+Log.m */; };
		F887D6711F4282FB00EF1FAA /* NSAttributedString+CZAdditon.m in Sources */ = {isa = PBXBuildFile; fileRef = F887D65B1F4282FA00EF1FAA /* NSAttributedString+CZAdditon.m */; };
		F887D6721F4282FB00EF1FAA /* NSObject+CZRuntime.m in Sources */ = {isa = PBXBuildFile; fileRef = F887D65D1F4282FA00EF1FAA /* NSObject+CZRuntime.m */; };
		F887D6731F4282FB00EF1FAA /* NSString+CZBase64.m in Sources */ = {isa = PBXBuildFile; fileRef = F887D65F1F4282FA00EF1FAA /* NSString+CZBase64.m */; };
		F887D6741F4282FB00EF1FAA /* NSString+CZHash.m in Sources */ = {isa = PBXBuildFile; fileRef = F887D6611F4282FA00EF1FAA /* NSString+CZHash.m */; };
		F887D6751F4282FB00EF1FAA /* NSString+CZPath.m in Sources */ = {isa = PBXBuildFile; fileRef = F887D6631F4282FA00EF1FAA /* NSString+CZPath.m */; };
		F887D6761F4282FB00EF1FAA /* UIButton+CZAddition.m in Sources */ = {isa = PBXBuildFile; fileRef = F887D6651F4282FA00EF1FAA /* UIButton+CZAddition.m */; };
		F887D6771F4282FB00EF1FAA /* UIColor+CZAddition.m in Sources */ = {isa = PBXBuildFile; fileRef = F887D6671F4282FA00EF1FAA /* UIColor+CZAddition.m */; };
		F887D6781F4282FB00EF1FAA /* UILabel+CZAddition.m in Sources */ = {isa = PBXBuildFile; fileRef = F887D6691F4282FA00EF1FAA /* UILabel+CZAddition.m */; };
		F887D6791F4282FB00EF1FAA /* UIScreen+CZAddition.m in Sources */ = {isa = PBXBuildFile; fileRef = F887D66B1F4282FA00EF1FAA /* UIScreen+CZAddition.m */; };
		F887D67A1F4282FB00EF1FAA /* UIView+CZAddition.m in Sources */ = {isa = PBXBuildFile; fileRef = F887D66D1F4282FA00EF1FAA /* UIView+CZAddition.m */; };
		F887D67B1F4282FB00EF1FAA /* UIViewController+CZAddition.m in Sources */ = {isa = PBXBuildFile; fileRef = F887D66F1F4282FA00EF1FAA /* UIViewController+CZAddition.m */; };
		F887D6811F428A6F00EF1FAA /* UIView+Toast.m in Sources */ = {isa = PBXBuildFile; fileRef = F887D6801F428A6F00EF1FAA /* UIView+Toast.m */; };
		F887D6841F4292F400EF1FAA /* LBABKHomeTopView.m in Sources */ = {isa = PBXBuildFile; fileRef = F887D6831F4292F400EF1FAA /* LBABKHomeTopView.m */; };
		F887D68C1F42CE4700EF1FAA /* UIView+YMExtension.m in Sources */ = {isa = PBXBuildFile; fileRef = F887D68B1F42CE4700EF1FAA /* UIView+YMExtension.m */; };
/* End PBXBuildFile section */

/* Begin PBXFileReference section */
		21A9D5EA17FC8677DCF20949 /* Pods-LBAiBoKe.debug.xcconfig */ = {isa = PBXFileReference; includeInIndex = 1; lastKnownFileType = text.xcconfig; name = "Pods-LBAiBoKe.debug.xcconfig"; path = "Pods/Target Support Files/Pods-LBAiBoKe/Pods-LBAiBoKe.debug.xcconfig"; sourceTree = "<group>"; };
		660164CEDE1EF2BA42C5D470 /* Pods_LBAiBoKe.framework */ = {isa = PBXFileReference; explicitFileType = wrapper.framework; includeInIndex = 0; path = Pods_LBAiBoKe.framework; sourceTree = BUILT_PRODUCTS_DIR; };
		EE6AFC05F720BB1AE65B4A22 /* Pods-LBAiBoKe.release.xcconfig */ = {isa = PBXFileReference; includeInIndex = 1; lastKnownFileType = text.xcconfig; name = "Pods-LBAiBoKe.release.xcconfig"; path = "Pods/Target Support Files/Pods-LBAiBoKe/Pods-LBAiBoKe.release.xcconfig"; sourceTree = "<group>"; };
		F887D6011F42781900EF1FAA /* LBAiBoKe.app */ = {isa = PBXFileReference; explicitFileType = wrapper.application; includeInIndex = 0; path = LBAiBoKe.app; sourceTree = BUILT_PRODUCTS_DIR; };
		F887D6051F42781900EF1FAA /* main.m */ = {isa = PBXFileReference; lastKnownFileType = sourcecode.c.objc; path = main.m; sourceTree = "<group>"; };
		F887D60E1F42781900EF1FAA /* Base */ = {isa = PBXFileReference; lastKnownFileType = file.storyboard; name = Base; path = Base.lproj/Main.storyboard; sourceTree = "<group>"; };
		F887D6111F42781900EF1FAA /* LBAiBoKe.xcdatamodel */ = {isa = PBXFileReference; lastKnownFileType = wrapper.xcdatamodel; path = LBAiBoKe.xcdatamodel; sourceTree = "<group>"; };
		F887D6131F42781900EF1FAA /* Assets.xcassets */ = {isa = PBXFileReference; lastKnownFileType = folder.assetcatalog; path = Assets.xcassets; sourceTree = "<group>"; };
		F887D6161F42781900EF1FAA /* Base */ = {isa = PBXFileReference; lastKnownFileType = file.storyboard; name = Base; path = Base.lproj/LaunchScreen.storyboard; sourceTree = "<group>"; };
		F887D6181F42781900EF1FAA /* Info.plist */ = {isa = PBXFileReference; lastKnownFileType = text.plist.xml; path = Info.plist; sourceTree = "<group>"; };
		F887D6221F4279BD00EF1FAA /* AppDelegate.h */ = {isa = PBXFileReference; fileEncoding = 4; lastKnownFileType = sourcecode.c.h; path = AppDelegate.h; sourceTree = "<group>"; };
		F887D6231F4279BD00EF1FAA /* AppDelegate.m */ = {isa = PBXFileReference; fileEncoding = 4; lastKnownFileType = sourcecode.c.objc; path = AppDelegate.m; sourceTree = "<group>"; };
		F887D62C1F427B5300EF1FAA /* LBABKTabBarController.h */ = {isa = PBXFileReference; fileEncoding = 4; lastKnownFileType = sourcecode.c.h; path = LBABKTabBarController.h; sourceTree = "<group>"; };
		F887D62D1F427B5300EF1FAA /* LBABKTabBarController.m */ = {isa = PBXFileReference; fileEncoding = 4; lastKnownFileType = sourcecode.c.objc; path = LBABKTabBarController.m; sourceTree = "<group>"; };
		F887D62F1F427C1400EF1FAA /* LBABKNaviController.h */ = {isa = PBXFileReference; fileEncoding = 4; lastKnownFileType = sourcecode.c.h; path = LBABKNaviController.h; sourceTree = "<group>"; };
		F887D6301F427C1400EF1FAA /* LBABKNaviController.m */ = {isa = PBXFileReference; fileEncoding = 4; lastKnownFileType = sourcecode.c.objc; path = LBABKNaviController.m; sourceTree = "<group>"; };
		F887D6461F427E4200EF1FAA /* LBABKHomeController.h */ = {isa = PBXFileReference; fileEncoding = 4; lastKnownFileType = sourcecode.c.h; path = LBABKHomeController.h; sourceTree = "<group>"; };
		F887D6471F427E4200EF1FAA /* LBABKHomeController.m */ = {isa = PBXFileReference; fileEncoding = 4; lastKnownFileType = sourcecode.c.objc; path = LBABKHomeController.m; sourceTree = "<group>"; };
		F887D6491F427E5500EF1FAA /* LBABKShopController.h */ = {isa = PBXFileReference; fileEncoding = 4; lastKnownFileType = sourcecode.c.h; path = LBABKShopController.h; sourceTree = "<group>"; };
		F887D64A1F427E5500EF1FAA /* LBABKShopController.m */ = {isa = PBXFileReference; fileEncoding = 4; lastKnownFileType = sourcecode.c.objc; path = LBABKShopController.m; sourceTree = "<group>"; };
		F887D64C1F427E6A00EF1FAA /* LBABKClassifyController.h */ = {isa = PBXFileReference; fileEncoding = 4; lastKnownFileType = sourcecode.c.h; path = LBABKClassifyController.h; sourceTree = "<group>"; };
		F887D64D1F427E6A00EF1FAA /* LBABKClassifyController.m */ = {isa = PBXFileReference; fileEncoding = 4; lastKnownFileType = sourcecode.c.objc; path = LBABKClassifyController.m; sourceTree = "<group>"; };
		F887D64F1F427E7600EF1FAA /* LBABKMineController.h */ = {isa = PBXFileReference; fileEncoding = 4; lastKnownFileType = sourcecode.c.h; path = LBABKMineController.h; sourceTree = "<group>"; };
		F887D6501F427E7600EF1FAA /* LBABKMineController.m */ = {isa = PBXFileReference; fileEncoding = 4; lastKnownFileType = sourcecode.c.objc; path = LBABKMineController.m; sourceTree = "<group>"; };
		F887D6521F427E8400EF1FAA /* LBABKClubController.h */ = {isa = PBXFileReference; fileEncoding = 4; lastKnownFileType = sourcecode.c.h; path = LBABKClubController.h; sourceTree = "<group>"; };
		F887D6531F427E8400EF1FAA /* LBABKClubController.m */ = {isa = PBXFileReference; fileEncoding = 4; lastKnownFileType = sourcecode.c.objc; path = LBABKClubController.m; sourceTree = "<group>"; };
		F887D6571F4282FA00EF1FAA /* CZAdditions.h */ = {isa = PBXFileReference; fileEncoding = 4; lastKnownFileType = sourcecode.c.h; path = CZAdditions.h; sourceTree = "<group>"; };
		F887D6581F4282FA00EF1FAA /* NSArray+Log.h */ = {isa = PBXFileReference; fileEncoding = 4; lastKnownFileType = sourcecode.c.h; path = "NSArray+Log.h"; sourceTree = "<group>"; };
		F887D6591F4282FA00EF1FAA /* NSArray+Log.m */ = {isa = PBXFileReference; fileEncoding = 4; lastKnownFileType = sourcecode.c.objc; path = "NSArray+Log.m"; sourceTree = "<group>"; };
		F887D65A1F4282FA00EF1FAA /* NSAttributedString+CZAdditon.h */ = {isa = PBXFileReference; fileEncoding = 4; lastKnownFileType = sourcecode.c.h; path = "NSAttributedString+CZAdditon.h"; sourceTree = "<group>"; };
		F887D65B1F4282FA00EF1FAA /* NSAttributedString+CZAdditon.m */ = {isa = PBXFileReference; fileEncoding = 4; lastKnownFileType = sourcecode.c.objc; path = "NSAttributedString+CZAdditon.m"; sourceTree = "<group>"; };
		F887D65C1F4282FA00EF1FAA /* NSObject+CZRuntime.h */ = {isa = PBXFileReference; fileEncoding = 4; lastKnownFileType = sourcecode.c.h; path = "NSObject+CZRuntime.h"; sourceTree = "<group>"; };
		F887D65D1F4282FA00EF1FAA /* NSObject+CZRuntime.m */ = {isa = PBXFileReference; fileEncoding = 4; lastKnownFileType = sourcecode.c.objc; path = "NSObject+CZRuntime.m"; sourceTree = "<group>"; };
		F887D65E1F4282FA00EF1FAA /* NSString+CZBase64.h */ = {isa = PBXFileReference; fileEncoding = 4; lastKnownFileType = sourcecode.c.h; path = "NSString+CZBase64.h"; sourceTree = "<group>"; };
		F887D65F1F4282FA00EF1FAA /* NSString+CZBase64.m */ = {isa = PBXFileReference; fileEncoding = 4; lastKnownFileType = sourcecode.c.objc; path = "NSString+CZBase64.m"; sourceTree = "<group>"; };
		F887D6601F4282FA00EF1FAA /* NSString+CZHash.h */ = {isa = PBXFileReference; fileEncoding = 4; lastKnownFileType = sourcecode.c.h; path = "NSString+CZHash.h"; sourceTree = "<group>"; };
		F887D6611F4282FA00EF1FAA /* NSString+CZHash.m */ = {isa = PBXFileReference; fileEncoding = 4; lastKnownFileType = sourcecode.c.objc; path = "NSString+CZHash.m"; sourceTree = "<group>"; };
		F887D6621F4282FA00EF1FAA /* NSString+CZPath.h */ = {isa = PBXFileReference; fileEncoding = 4; lastKnownFileType = sourcecode.c.h; path = "NSString+CZPath.h"; sourceTree = "<group>"; };
		F887D6631F4282FA00EF1FAA /* NSString+CZPath.m */ = {isa = PBXFileReference; fileEncoding = 4; lastKnownFileType = sourcecode.c.objc; path = "NSString+CZPath.m"; sourceTree = "<group>"; };
		F887D6641F4282FA00EF1FAA /* UIButton+CZAddition.h */ = {isa = PBXFileReference; fileEncoding = 4; lastKnownFileType = sourcecode.c.h; path = "UIButton+CZAddition.h"; sourceTree = "<group>"; };
		F887D6651F4282FA00EF1FAA /* UIButton+CZAddition.m */ = {isa = PBXFileReference; fileEncoding = 4; lastKnownFileType = sourcecode.c.objc; path = "UIButton+CZAddition.m"; sourceTree = "<group>"; };
		F887D6661F4282FA00EF1FAA /* UIColor+CZAddition.h */ = {isa = PBXFileReference; fileEncoding = 4; lastKnownFileType = sourcecode.c.h; path = "UIColor+CZAddition.h"; sourceTree = "<group>"; };
		F887D6671F4282FA00EF1FAA /* UIColor+CZAddition.m */ = {isa = PBXFileReference; fileEncoding = 4; lastKnownFileType = sourcecode.c.objc; path = "UIColor+CZAddition.m"; sourceTree = "<group>"; };
		F887D6681F4282FA00EF1FAA /* UILabel+CZAddition.h */ = {isa = PBXFileReference; fileEncoding = 4; lastKnownFileType = sourcecode.c.h; path = "UILabel+CZAddition.h"; sourceTree = "<group>"; };
		F887D6691F4282FA00EF1FAA /* UILabel+CZAddition.m */ = {isa = PBXFileReference; fileEncoding = 4; lastKnownFileType = sourcecode.c.objc; path = "UILabel+CZAddition.m"; sourceTree = "<group>"; };
		F887D66A1F4282FA00EF1FAA /* UIScreen+CZAddition.h */ = {isa = PBXFileReference; fileEncoding = 4; lastKnownFileType = sourcecode.c.h; path = "UIScreen+CZAddition.h"; sourceTree = "<group>"; };
		F887D66B1F4282FA00EF1FAA /* UIScreen+CZAddition.m */ = {isa = PBXFileReference; fileEncoding = 4; lastKnownFileType = sourcecode.c.objc; path = "UIScreen+CZAddition.m"; sourceTree = "<group>"; };
		F887D66C1F4282FA00EF1FAA /* UIView+CZAddition.h */ = {isa = PBXFileReference; fileEncoding = 4; lastKnownFileType = sourcecode.c.h; path = "UIView+CZAddition.h"; sourceTree = "<group>"; };
		F887D66D1F4282FA00EF1FAA /* UIView+CZAddition.m */ = {isa = PBXFileReference; fileEncoding = 4; lastKnownFileType = sourcecode.c.objc; path = "UIView+CZAddition.m"; sourceTree = "<group>"; };
		F887D66E1F4282FA00EF1FAA /* UIViewController+CZAddition.h */ = {isa = PBXFileReference; fileEncoding = 4; lastKnownFileType = sourcecode.c.h; path = "UIViewController+CZAddition.h"; sourceTree = "<group>"; };
		F887D66F1F4282FA00EF1FAA /* UIViewController+CZAddition.m */ = {isa = PBXFileReference; fileEncoding = 4; lastKnownFileType = sourcecode.c.objc; path = "UIViewController+CZAddition.m"; sourceTree = "<group>"; };
		F887D67C1F42836100EF1FAA /* LBABKHeader.h */ = {isa = PBXFileReference; fileEncoding = 4; lastKnownFileType = sourcecode.c.h; path = LBABKHeader.h; sourceTree = "<group>"; };
		F887D67D1F42848D00EF1FAA /* LBABKHeaderPch.pch */ = {isa = PBXFileReference; lastKnownFileType = sourcecode.c.h; path = LBABKHeaderPch.pch; sourceTree = "<group>"; };
		F887D67F1F428A6F00EF1FAA /* UIView+Toast.h */ = {isa = PBXFileReference; fileEncoding = 4; lastKnownFileType = sourcecode.c.h; path = "UIView+Toast.h"; sourceTree = "<group>"; };
		F887D6801F428A6F00EF1FAA /* UIView+Toast.m */ = {isa = PBXFileReference; fileEncoding = 4; lastKnownFileType = sourcecode.c.objc; path = "UIView+Toast.m"; sourceTree = "<group>"; };
		F887D6821F4292F400EF1FAA /* LBABKHomeTopView.h */ = {isa = PBXFileReference; fileEncoding = 4; lastKnownFileType = sourcecode.c.h; path = LBABKHomeTopView.h; sourceTree = "<group>"; };
		F887D6831F4292F400EF1FAA /* LBABKHomeTopView.m */ = {isa = PBXFileReference; fileEncoding = 4; lastKnownFileType = sourcecode.c.objc; path = LBABKHomeTopView.m; sourceTree = "<group>"; };
		F887D68A1F42CE4700EF1FAA /* UIView+YMExtension.h */ = {isa = PBXFileReference; fileEncoding = 4; lastKnownFileType = sourcecode.c.h; path = "UIView+YMExtension.h"; sourceTree = "<group>"; };
		F887D68B1F42CE4700EF1FAA /* UIView+YMExtension.m */ = {isa = PBXFileReference; fileEncoding = 4; lastKnownFileType = sourcecode.c.objc; path = "UIView+YMExtension.m"; sourceTree = "<group>"; };
/* End PBXFileReference section */

/* Begin PBXFrameworksBuildPhase section */
		F887D5FE1F42781800EF1FAA /* Frameworks */ = {
			isa = PBXFrameworksBuildPhase;
			buildActionMask = 2147483647;
			files = (
				3CD3EC0BE1C6F9766D208FDB /* Pods_LBAiBoKe.framework in Frameworks */,
			);
			runOnlyForDeploymentPostprocessing = 0;
		};
/* End PBXFrameworksBuildPhase section */

/* Begin PBXGroup section */
		1BAB830F62B579F96A77240D /* Frameworks */ = {
			isa = PBXGroup;
			children = (
				660164CEDE1EF2BA42C5D470 /* Pods_LBAiBoKe.framework */,
			);
			name = Frameworks;
			sourceTree = "<group>";
		};
		97A3E4BE6EEB7716E9C09224 /* Pods */ = {
			isa = PBXGroup;
			children = (
				21A9D5EA17FC8677DCF20949 /* Pods-LBAiBoKe.debug.xcconfig */,
				EE6AFC05F720BB1AE65B4A22 /* Pods-LBAiBoKe.release.xcconfig */,
			);
			name = Pods;
			sourceTree = "<group>";
		};
		F887D5F81F42781800EF1FAA = {
			isa = PBXGroup;
			children = (
				F887D6031F42781900EF1FAA /* LBAiBoKe */,
				F887D6021F42781900EF1FAA /* Products */,
				97A3E4BE6EEB7716E9C09224 /* Pods */,
				1BAB830F62B579F96A77240D /* Frameworks */,
			);
			sourceTree = "<group>";
		};
		F887D6021F42781900EF1FAA /* Products */ = {
			isa = PBXGroup;
			children = (
				F887D6011F42781900EF1FAA /* LBAiBoKe.app */,
			);
			name = Products;
			sourceTree = "<group>";
		};
		F887D6031F42781900EF1FAA /* LBAiBoKe */ = {
			isa = PBXGroup;
			children = (
				F887D6261F427A8700EF1FAA /* Classes */,
				F887D61F1F4279A600EF1FAA /* model */,
				F887D6551F4282FA00EF1FAA /* common */,
				F887D6201F4279A600EF1FAA /* orther */,
				F887D60D1F42781900EF1FAA /* Main.storyboard */,
				F887D67C1F42836100EF1FAA /* LBABKHeader.h */,
				F887D67D1F42848D00EF1FAA /* LBABKHeaderPch.pch */,
				F887D6131F42781900EF1FAA /* Assets.xcassets */,
				F887D6151F42781900EF1FAA /* LaunchScreen.storyboard */,
				F887D6181F42781900EF1FAA /* Info.plist */,
				F887D6101F42781900EF1FAA /* LBAiBoKe.xcdatamodeld */,
				F887D6041F42781900EF1FAA /* Supporting Files */,
			);
			path = LBAiBoKe;
			sourceTree = "<group>";
		};
		F887D6041F42781900EF1FAA /* Supporting Files */ = {
			isa = PBXGroup;
			children = (
				F887D6051F42781900EF1FAA /* main.m */,
			);
			name = "Supporting Files";
			sourceTree = "<group>";
		};
		F887D61F1F4279A600EF1FAA /* model */ = {
			isa = PBXGroup;
			children = (
			);
			path = model;
			sourceTree = "<group>";
		};
		F887D6201F4279A600EF1FAA /* orther */ = {
			isa = PBXGroup;
			children = (
				F887D6221F4279BD00EF1FAA /* AppDelegate.h */,
				F887D6231F4279BD00EF1FAA /* AppDelegate.m */,
			);
			path = orther;
			sourceTree = "<group>";
		};
		F887D6261F427A8700EF1FAA /* Classes */ = {
			isa = PBXGroup;
			children = (
				F887D6281F427AAE00EF1FAA /* Main */,
				F887D6421F427E1A00EF1FAA /* Home */,
				F887D6361F427DED00EF1FAA /* Club */,
				F887D63A1F427DED00EF1FAA /* Mine */,
				F887D63E1F427DED00EF1FAA /* Shop */,
				F887D6321F427D3F00EF1FAA /* Classify */,
			);
			path = Classes;
			sourceTree = "<group>";
		};
		F887D6281F427AAE00EF1FAA /* Main */ = {
			isa = PBXGroup;
			children = (
				F887D6291F427B0D00EF1FAA /* Controller */,
				F887D62A1F427B0D00EF1FAA /* Model */,
				F887D62B1F427B0D00EF1FAA /* View */,
			);
			path = Main;
			sourceTree = "<group>";
		};
		F887D6291F427B0D00EF1FAA /* Controller */ = {
			isa = PBXGroup;
			children = (
				F887D62C1F427B5300EF1FAA /* LBABKTabBarController.h */,
				F887D62D1F427B5300EF1FAA /* LBABKTabBarController.m */,
				F887D62F1F427C1400EF1FAA /* LBABKNaviController.h */,
				F887D6301F427C1400EF1FAA /* LBABKNaviController.m */,
			);
			path = Controller;
			sourceTree = "<group>";
		};
		F887D62A1F427B0D00EF1FAA /* Model */ = {
			isa = PBXGroup;
			children = (
			);
			path = Model;
			sourceTree = "<group>";
		};
		F887D62B1F427B0D00EF1FAA /* View */ = {
			isa = PBXGroup;
			children = (
			);
			path = View;
			sourceTree = "<group>";
		};
		F887D6321F427D3F00EF1FAA /* Classify */ = {
			isa = PBXGroup;
			children = (
				F887D6331F427D3F00EF1FAA /* Controller */,
				F887D6341F427D3F00EF1FAA /* Model */,
				F887D6351F427D3F00EF1FAA /* View */,
			);
			name = Classify;
			path = Main/Classify;
			sourceTree = "<group>";
		};
		F887D6331F427D3F00EF1FAA /* Controller */ = {
			isa = PBXGroup;
			children = (
				F887D64C1F427E6A00EF1FAA /* LBABKClassifyController.h */,
				F887D64D1F427E6A00EF1FAA /* LBABKClassifyController.m */,
			);
			path = Controller;
			sourceTree = "<group>";
		};
		F887D6341F427D3F00EF1FAA /* Model */ = {
			isa = PBXGroup;
			children = (
			);
			path = Model;
			sourceTree = "<group>";
		};
		F887D6351F427D3F00EF1FAA /* View */ = {
			isa = PBXGroup;
			children = (
			);
			path = View;
			sourceTree = "<group>";
		};
		F887D6361F427DED00EF1FAA /* Club */ = {
			isa = PBXGroup;
			children = (
				F887D6371F427DED00EF1FAA /* Controller */,
				F887D6381F427DED00EF1FAA /* Model */,
				F887D6391F427DED00EF1FAA /* View */,
			);
			path = Club;
			sourceTree = "<group>";
		};
		F887D6371F427DED00EF1FAA /* Controller */ = {
			isa = PBXGroup;
			children = (
				F887D6521F427E8400EF1FAA /* LBABKClubController.h */,
				F887D6531F427E8400EF1FAA /* LBABKClubController.m */,
			);
			path = Controller;
			sourceTree = "<group>";
		};
		F887D6381F427DED00EF1FAA /* Model */ = {
			isa = PBXGroup;
			children = (
			);
			path = Model;
			sourceTree = "<group>";
		};
		F887D6391F427DED00EF1FAA /* View */ = {
			isa = PBXGroup;
			children = (
			);
			path = View;
			sourceTree = "<group>";
		};
		F887D63A1F427DED00EF1FAA /* Mine */ = {
			isa = PBXGroup;
			children = (
				F887D63B1F427DED00EF1FAA /* Controller */,
				F887D63C1F427DED00EF1FAA /* Model */,
				F887D63D1F427DED00EF1FAA /* View */,
			);
			path = Mine;
			sourceTree = "<group>";
		};
		F887D63B1F427DED00EF1FAA /* Controller */ = {
			isa = PBXGroup;
			children = (
				F887D64F1F427E7600EF1FAA /* LBABKMineController.h */,
				F887D6501F427E7600EF1FAA /* LBABKMineController.m */,
			);
			path = Controller;
			sourceTree = "<group>";
		};
		F887D63C1F427DED00EF1FAA /* Model */ = {
			isa = PBXGroup;
			children = (
			);
			path = Model;
			sourceTree = "<group>";
		};
		F887D63D1F427DED00EF1FAA /* View */ = {
			isa = PBXGroup;
			children = (
			);
			path = View;
			sourceTree = "<group>";
		};
		F887D63E1F427DED00EF1FAA /* Shop */ = {
			isa = PBXGroup;
			children = (
				F887D63F1F427DED00EF1FAA /* Controller */,
				F887D6401F427DED00EF1FAA /* Model */,
				F887D6411F427DED00EF1FAA /* View */,
			);
			path = Shop;
			sourceTree = "<group>";
		};
		F887D63F1F427DED00EF1FAA /* Controller */ = {
			isa = PBXGroup;
			children = (
				F887D6491F427E5500EF1FAA /* LBABKShopController.h */,
				F887D64A1F427E5500EF1FAA /* LBABKShopController.m */,
			);
			path = Controller;
			sourceTree = "<group>";
		};
		F887D6401F427DED00EF1FAA /* Model */ = {
			isa = PBXGroup;
			children = (
			);
			path = Model;
			sourceTree = "<group>";
		};
		F887D6411F427DED00EF1FAA /* View */ = {
			isa = PBXGroup;
			children = (
			);
			path = View;
			sourceTree = "<group>";
		};
		F887D6421F427E1A00EF1FAA /* Home */ = {
			isa = PBXGroup;
			children = (
				F887D6431F427E1A00EF1FAA /* Controller */,
				F887D6441F427E1A00EF1FAA /* Model */,
				F887D6451F427E1A00EF1FAA /* View */,
			);
			path = Home;
			sourceTree = "<group>";
		};
		F887D6431F427E1A00EF1FAA /* Controller */ = {
			isa = PBXGroup;
			children = (
				F887D6461F427E4200EF1FAA /* LBABKHomeController.h */,
				F887D6471F427E4200EF1FAA /* LBABKHomeController.m */,
			);
			path = Controller;
			sourceTree = "<group>";
		};
		F887D6441F427E1A00EF1FAA /* Model */ = {
			isa = PBXGroup;
			children = (
			);
			path = Model;
			sourceTree = "<group>";
		};
		F887D6451F427E1A00EF1FAA /* View */ = {
			isa = PBXGroup;
			children = (
				F887D6821F4292F400EF1FAA /* LBABKHomeTopView.h */,
				F887D6831F4292F400EF1FAA /* LBABKHomeTopView.m */,
			);
			path = View;
			sourceTree = "<group>";
		};
		F887D6551F4282FA00EF1FAA /* common */ = {
			isa = PBXGroup;
			children = (
				F887D6891F42CE4700EF1FAA /* UIView+YMExtension */,
				F887D67E1F428A6F00EF1FAA /* UIView+Toast */,
				F887D6561F4282FA00EF1FAA /* Additions */,
			);
			path = common;
			sourceTree = "<group>";
		};
		F887D6561F4282FA00EF1FAA /* Additions */ = {
			isa = PBXGroup;
			children = (
				F887D6571F4282FA00EF1FAA /* CZAdditions.h */,
				F887D6581F4282FA00EF1FAA /* NSArray+Log.h */,
				F887D6591F4282FA00EF1FAA /* NSArray+Log.m */,
				F887D65A1F4282FA00EF1FAA /* NSAttributedString+CZAdditon.h */,
				F887D65B1F4282FA00EF1FAA /* NSAttributedString+CZAdditon.m */,
				F887D65C1F4282FA00EF1FAA /* NSObject+CZRuntime.h */,
				F887D65D1F4282FA00EF1FAA /* NSObject+CZRuntime.m */,
				F887D65E1F4282FA00EF1FAA /* NSString+CZBase64.h */,
				F887D65F1F4282FA00EF1FAA /* NSString+CZBase64.m */,
				F887D6601F4282FA00EF1FAA /* NSString+CZHash.h */,
				F887D6611F4282FA00EF1FAA /* NSString+CZHash.m */,
				F887D6621F4282FA00EF1FAA /* NSString+CZPath.h */,
				F887D6631F4282FA00EF1FAA /* NSString+CZPath.m */,
				F887D6641F4282FA00EF1FAA /* UIButton+CZAddition.h */,
				F887D6651F4282FA00EF1FAA /* UIButton+CZAddition.m */,
				F887D6661F4282FA00EF1FAA /* UIColor+CZAddition.h */,
				F887D6671F4282FA00EF1FAA /* UIColor+CZAddition.m */,
				F887D6681F4282FA00EF1FAA /* UILabel+CZAddition.h */,
				F887D6691F4282FA00EF1FAA /* UILabel+CZAddition.m */,
				F887D66A1F4282FA00EF1FAA /* UIScreen+CZAddition.h */,
				F887D66B1F4282FA00EF1FAA /* UIScreen+CZAddition.m */,
				F887D66C1F4282FA00EF1FAA /* UIView+CZAddition.h */,
				F887D66D1F4282FA00EF1FAA /* UIView+CZAddition.m */,
				F887D66E1F4282FA00EF1FAA /* UIViewController+CZAddition.h */,
				F887D66F1F4282FA00EF1FAA /* UIViewController+CZAddition.m */,
			);
			path = Additions;
			sourceTree = "<group>";
		};
		F887D67E1F428A6F00EF1FAA /* UIView+Toast */ = {
			isa = PBXGroup;
			children = (
				F887D67F1F428A6F00EF1FAA /* UIView+Toast.h */,
				F887D6801F428A6F00EF1FAA /* UIView+Toast.m */,
			);
			path = "UIView+Toast";
			sourceTree = "<group>";
		};
		F887D6891F42CE4700EF1FAA /* UIView+YMExtension */ = {
			isa = PBXGroup;
			children = (
				F887D68A1F42CE4700EF1FAA /* UIView+YMExtension.h */,
				F887D68B1F42CE4700EF1FAA /* UIView+YMExtension.m */,
			);
			path = "UIView+YMExtension";
			sourceTree = "<group>";
		};
/* End PBXGroup section */

/* Begin PBXNativeTarget section */
		F887D6001F42781800EF1FAA /* LBAiBoKe */ = {
			isa = PBXNativeTarget;
			buildConfigurationList = F887D61B1F42781900EF1FAA /* Build configuration list for PBXNativeTarget "LBAiBoKe" */;
			buildPhases = (
				79F76F602F57EDBB0C306352 /* [CP] Check Pods Manifest.lock */,
				F887D5FD1F42781800EF1FAA /* Sources */,
				F887D5FE1F42781800EF1FAA /* Frameworks */,
				F887D5FF1F42781800EF1FAA /* Resources */,
				1A47D2061377B02F45F0F07A /* [CP] Embed Pods Frameworks */,
				6B6F8E5E33AFCD4EA7D5315E /* [CP] Copy Pods Resources */,
			);
			buildRules = (
			);
			dependencies = (
			);
			name = LBAiBoKe;
			productName = LBAiBoKe;
			productReference = F887D6011F42781900EF1FAA /* LBAiBoKe.app */;
			productType = "com.apple.product-type.application";
		};
/* End PBXNativeTarget section */

/* Begin PBXProject section */
		F887D5F91F42781800EF1FAA /* Project object */ = {
			isa = PBXProject;
			attributes = {
				CLASSPREFIX = LBABK;
				LastUpgradeCheck = 0830;
				ORGANIZATIONNAME = liubo;
				TargetAttributes = {
					F887D6001F42781800EF1FAA = {
						CreatedOnToolsVersion = 8.3.3;
						DevelopmentTeam = MECQS3Z269;
						ProvisioningStyle = Automatic;
					};
				};
			};
			buildConfigurationList = F887D5FC1F42781800EF1FAA /* Build configuration list for PBXProject "LBAiBoKe" */;
			compatibilityVersion = "Xcode 3.2";
			developmentRegion = English;
			hasScannedForEncodings = 0;
			knownRegions = (
				en,
				Base,
			);
			mainGroup = F887D5F81F42781800EF1FAA;
			productRefGroup = F887D6021F42781900EF1FAA /* Products */;
			projectDirPath = "";
			projectRoot = "";
			targets = (
				F887D6001F42781800EF1FAA /* LBAiBoKe */,
			);
		};
/* End PBXProject section */

/* Begin PBXResourcesBuildPhase section */
		F887D5FF1F42781800EF1FAA /* Resources */ = {
			isa = PBXResourcesBuildPhase;
			buildActionMask = 2147483647;
			files = (
				F887D6171F42781900EF1FAA /* LaunchScreen.storyboard in Resources */,
				F887D6141F42781900EF1FAA /* Assets.xcassets in Resources */,
				F887D60F1F42781900EF1FAA /* Main.storyboard in Resources */,
			);
			runOnlyForDeploymentPostprocessing = 0;
		};
/* End PBXResourcesBuildPhase section */

/* Begin PBXShellScriptBuildPhase section */
		1A47D2061377B02F45F0F07A /* [CP] Embed Pods Frameworks */ = {
			isa = PBXShellScriptBuildPhase;
			buildActionMask = 2147483647;
			files = (
			);
			inputPaths = (
			);
			name = "[CP] Embed Pods Frameworks";
			outputPaths = (
			);
			runOnlyForDeploymentPostprocessing = 0;
			shellPath = /bin/sh;
			shellScript = "\"${SRCROOT}/Pods/Target Support Files/Pods-LBAiBoKe/Pods-LBAiBoKe-frameworks.sh\"\n";
			showEnvVarsInLog = 0;
		};
		6B6F8E5E33AFCD4EA7D5315E /* [CP] Copy Pods Resources */ = {
			isa = PBXShellScriptBuildPhase;
			buildActionMask = 2147483647;
			files = (
			);
			inputPaths = (
			);
			name = "[CP] Copy Pods Resources";
			outputPaths = (
			);
			runOnlyForDeploymentPostprocessing = 0;
			shellPath = /bin/sh;
			shellScript = "\"${SRCROOT}/Pods/Target Support Files/Pods-LBAiBoKe/Pods-LBAiBoKe-resources.sh\"\n";
			showEnvVarsInLog = 0;
		};
		79F76F602F57EDBB0C306352 /* [CP] Check Pods Manifest.lock */ = {
			isa = PBXShellScriptBuildPhase;
			buildActionMask = 2147483647;
			files = (
			);
			inputPaths = (
			);
			name = "[CP] Check Pods Manifest.lock";
			outputPaths = (
			);
			runOnlyForDeploymentPostprocessing = 0;
			shellPath = /bin/sh;
			shellScript = "diff \"${PODS_PODFILE_DIR_PATH}/Podfile.lock\" \"${PODS_ROOT}/Manifest.lock\" > /dev/null\nif [ $? != 0 ] ; then\n    # print error to STDERR\n    echo \"error: The sandbox is not in sync with the Podfile.lock. Run 'pod install' or update your CocoaPods installation.\" >&2\n    exit 1\nfi\n";
			showEnvVarsInLog = 0;
		};
/* End PBXShellScriptBuildPhase section */

/* Begin PBXSourcesBuildPhase section */
		F887D5FD1F42781800EF1FAA /* Sources */ = {
			isa = PBXSourcesBuildPhase;
			buildActionMask = 2147483647;
			files = (
				F887D6841F4292F400EF1FAA /* LBABKHomeTopView.m in Sources */,
				F887D6241F4279BD00EF1FAA /* AppDelegate.m in Sources */,
				F887D6481F427E4200EF1FAA /* LBABKHomeController.m in Sources */,
				F887D6721F4282FB00EF1FAA /* NSObject+CZRuntime.m in Sources */,
				F887D6731F4282FB00EF1FAA /* NSString+CZBase64.m in Sources */,
				F887D64E1F427E6A00EF1FAA /* LBABKClassifyController.m in Sources */,
				F887D6511F427E7600EF1FAA /* LBABKMineController.m in Sources */,
				F887D6811F428A6F00EF1FAA /* UIView+Toast.m in Sources */,
				F887D67A1F4282FB00EF1FAA /* UIView+CZAddition.m in Sources */,
				F887D64B1F427E5500EF1FAA /* LBABKShopController.m in Sources */,
				F887D6781F4282FB00EF1FAA /* UILabel+CZAddition.m in Sources */,
				F887D6741F4282FB00EF1FAA /* NSString+CZHash.m in Sources */,
				F887D6771F4282FB00EF1FAA /* UIColor+CZAddition.m in Sources */,
				F887D67B1F4282FB00EF1FAA /* UIViewController+CZAddition.m in Sources */,
				F887D6791F4282FB00EF1FAA /* UIScreen+CZAddition.m in Sources */,
				F887D6311F427C1400EF1FAA /* LBABKNaviController.m in Sources */,
				F887D6751F4282FB00EF1FAA /* NSString+CZPath.m in Sources */,
				F887D6701F4282FA00EF1FAA /* NSArray+Log.m in Sources */,
				F887D6541F427E8400EF1FAA /* LBABKClubController.m in Sources */,
				F887D68C1F42CE4700EF1FAA /* UIView+YMExtension.m in Sources */,
				F887D6711F4282FB00EF1FAA /* NSAttributedString+CZAdditon.m in Sources */,
				F887D6761F4282FB00EF1FAA /* UIButton+CZAddition.m in Sources */,
				F887D6121F42781900EF1FAA /* LBAiBoKe.xcdatamodeld in Sources */,
				F887D62E1F427B5300EF1FAA /* LBABKTabBarController.m in Sources */,
				F887D6061F42781900EF1FAA /* main.m in Sources */,
			);
			runOnlyForDeploymentPostprocessing = 0;
		};
/* End PBXSourcesBuildPhase section */

/* Begin PBXVariantGroup section */
		F887D60D1F42781900EF1FAA /* Main.storyboard */ = {
			isa = PBXVariantGroup;
			children = (
				F887D60E1F42781900EF1FAA /* Base */,
			);
			name = Main.storyboard;
			sourceTree = "<group>";
		};
		F887D6151F42781900EF1FAA /* LaunchScreen.storyboard */ = {
			isa = PBXVariantGroup;
			children = (
				F887D6161F42781900EF1FAA /* Base */,
			);
			name = LaunchScreen.storyboard;
			sourceTree = "<group>";
		};
/* End PBXVariantGroup section */

/* Begin XCBuildConfiguration section */
		F887D6191F42781900EF1FAA /* Debug */ = {
			isa = XCBuildConfiguration;
			buildSettings = {
				ALWAYS_SEARCH_USER_PATHS = NO;
				CLANG_ANALYZER_NONNULL = YES;
				CLANG_ANALYZER_NUMBER_OBJECT_CONVERSION = YES_AGGRESSIVE;
				CLANG_CXX_LANGUAGE_STANDARD = "gnu++0x";
				CLANG_CXX_LIBRARY = "libc++";
				CLANG_ENABLE_MODULES = YES;
				CLANG_ENABLE_OBJC_ARC = YES;
				CLANG_WARN_BOOL_CONVERSION = YES;
				CLANG_WARN_CONSTANT_CONVERSION = YES;
				CLANG_WARN_DIRECT_OBJC_ISA_USAGE = YES_ERROR;
				CLANG_WARN_DOCUMENTATION_COMMENTS = YES;
				CLANG_WARN_EMPTY_BODY = YES;
				CLANG_WARN_ENUM_CONVERSION = YES;
				CLANG_WARN_INFINITE_RECURSION = YES;
				CLANG_WARN_INT_CONVERSION = YES;
				CLANG_WARN_OBJC_ROOT_CLASS = YES_ERROR;
				CLANG_WARN_SUSPICIOUS_MOVE = YES;
				CLANG_WARN_UNREACHABLE_CODE = YES;
				CLANG_WARN__DUPLICATE_METHOD_MATCH = YES;
				"CODE_SIGN_IDENTITY[sdk=iphoneos*]" = "iPhone Developer";
				COPY_PHASE_STRIP = NO;
				DEBUG_INFORMATION_FORMAT = dwarf;
				ENABLE_STRICT_OBJC_MSGSEND = YES;
				ENABLE_TESTABILITY = YES;
				GCC_C_LANGUAGE_STANDARD = gnu99;
				GCC_DYNAMIC_NO_PIC = NO;
				GCC_NO_COMMON_BLOCKS = YES;
				GCC_OPTIMIZATION_LEVEL = 0;
				GCC_PREPROCESSOR_DEFINITIONS = (
					"DEBUG=1",
					"$(inherited)",
				);
				GCC_WARN_64_TO_32_BIT_CONVERSION = YES;
				GCC_WARN_ABOUT_RETURN_TYPE = YES_ERROR;
				GCC_WARN_UNDECLARED_SELECTOR = YES;
				GCC_WARN_UNINITIALIZED_AUTOS = YES_AGGRESSIVE;
				GCC_WARN_UNUSED_FUNCTION = YES;
				GCC_WARN_UNUSED_VARIABLE = YES;
				IPHONEOS_DEPLOYMENT_TARGET = 10.3;
				MTL_ENABLE_DEBUG_INFO = YES;
				ONLY_ACTIVE_ARCH = YES;
				SDKROOT = iphoneos;
			};
			name = Debug;
		};
		F887D61A1F42781900EF1FAA /* Release */ = {
			isa = XCBuildConfiguration;
			buildSettings = {
				ALWAYS_SEARCH_USER_PATHS = NO;
				CLANG_ANALYZER_NONNULL = YES;
				CLANG_ANALYZER_NUMBER_OBJECT_CONVERSION = YES_AGGRESSIVE;
				CLANG_CXX_LANGUAGE_STANDARD = "gnu++0x";
				CLANG_CXX_LIBRARY = "libc++";
				CLANG_ENABLE_MODULES = YES;
				CLANG_ENABLE_OBJC_ARC = YES;
				CLANG_WARN_BOOL_CONVERSION = YES;
				CLANG_WARN_CONSTANT_CONVERSION = YES;
				CLANG_WARN_DIRECT_OBJC_ISA_USAGE = YES_ERROR;
				CLANG_WARN_DOCUMENTATION_COMMENTS = YES;
				CLANG_WARN_EMPTY_BODY = YES;
				CLANG_WARN_ENUM_CONVERSION = YES;
				CLANG_WARN_INFINITE_RECURSION = YES;
				CLANG_WARN_INT_CONVERSION = YES;
				CLANG_WARN_OBJC_ROOT_CLASS = YES_ERROR;
				CLANG_WARN_SUSPICIOUS_MOVE = YES;
				CLANG_WARN_UNREACHABLE_CODE = YES;
				CLANG_WARN__DUPLICATE_METHOD_MATCH = YES;
				"CODE_SIGN_IDENTITY[sdk=iphoneos*]" = "iPhone Developer";
				COPY_PHASE_STRIP = NO;
				DEBUG_INFORMATION_FORMAT = "dwarf-with-dsym";
				ENABLE_NS_ASSERTIONS = NO;
				ENABLE_STRICT_OBJC_MSGSEND = YES;
				GCC_C_LANGUAGE_STANDARD = gnu99;
				GCC_NO_COMMON_BLOCKS = YES;
				GCC_WARN_64_TO_32_BIT_CONVERSION = YES;
				GCC_WARN_ABOUT_RETURN_TYPE = YES_ERROR;
				GCC_WARN_UNDECLARED_SELECTOR = YES;
				GCC_WARN_UNINITIALIZED_AUTOS = YES_AGGRESSIVE;
				GCC_WARN_UNUSED_FUNCTION = YES;
				GCC_WARN_UNUSED_VARIABLE = YES;
				IPHONEOS_DEPLOYMENT_TARGET = 10.3;
				MTL_ENABLE_DEBUG_INFO = NO;
				SDKROOT = iphoneos;
				VALIDATE_PRODUCT = YES;
			};
			name = Release;
		};
		F887D61C1F42781900EF1FAA /* Debug */ = {
			isa = XCBuildConfiguration;
			baseConfigurationReference = 21A9D5EA17FC8677DCF20949 /* Pods-LBAiBoKe.debug.xcconfig */;
			buildSettings = {
				ASSETCATALOG_COMPILER_APPICON_NAME = AppIcon;
				DEVELOPMENT_TEAM = MECQS3Z269;
				GCC_PREFIX_HEADER = LBAiBoKe/LBABKHeaderPch.pch;
				INFOPLIST_FILE = LBAiBoKe/Info.plist;
				IPHONEOS_DEPLOYMENT_TARGET = 8.0;
				LD_RUNPATH_SEARCH_PATHS = "$(inherited) @executable_path/Frameworks";
				PRODUCT_BUNDLE_IDENTIFIER = com.liubo.LBAiBoKe;
				PRODUCT_NAME = "$(TARGET_NAME)";
			};
			name = Debug;
		};
		F887D61D1F42781900EF1FAA /* Release */ = {
			isa = XCBuildConfiguration;
			baseConfigurationReference = EE6AFC05F720BB1AE65B4A22 /* Pods-LBAiBoKe.release.xcconfig */;
			buildSettings = {
				ASSETCATALOG_COMPILER_APPICON_NAME = AppIcon;
				DEVELOPMENT_TEAM = MECQS3Z269;
				GCC_PREFIX_HEADER = LBAiBoKe/LBABKHeaderPch.pch;
				INFOPLIST_FILE = LBAiBoKe/Info.plist;
				IPHONEOS_DEPLOYMENT_TARGET = 8.0;
				LD_RUNPATH_SEARCH_PATHS = "$(inherited) @executable_path/Frameworks";
				PRODUCT_BUNDLE_IDENTIFIER = com.liubo.LBAiBoKe;
				PRODUCT_NAME = "$(TARGET_NAME)";
			};
			name = Release;
		};
/* End XCBuildConfiguration section */

/* Begin XCConfigurationList section */
		F887D5FC1F42781800EF1FAA /* Build configuration list for PBXProject "LBAiBoKe" */ = {
			isa = XCConfigurationList;
			buildConfigurations = (
				F887D6191F42781900EF1FAA /* Debug */,
				F887D61A1F42781900EF1FAA /* Release */,
			);
			defaultConfigurationIsVisible = 0;
			defaultConfigurationName = Release;
		};
		F887D61B1F42781900EF1FAA /* Build configuration list for PBXNativeTarget "LBAiBoKe" */ = {
			isa = XCConfigurationList;
			buildConfigurations = (
				F887D61C1F42781900EF1FAA /* Debug */,
				F887D61D1F42781900EF1FAA /* Release */,
			);
			defaultConfigurationIsVisible = 0;
			defaultConfigurationName = Release;
		};
/* End XCConfigurationList section */

/* Begin XCVersionGroup section */
		F887D6101F42781900EF1FAA /* LBAiBoKe.xcdatamodeld */ = {
			isa = XCVersionGroup;
			children = (
				F887D6111F42781900EF1FAA /* LBAiBoKe.xcdatamodel */,
			);
			currentVersion = F887D6111F42781900EF1FAA /* LBAiBoKe.xcdatamodel */;
			path = LBAiBoKe.xcdatamodeld;
			sourceTree = "<group>";
			versionGroupType = wrapper.xcdatamodel;
		};
/* End XCVersionGroup section */
	};
	rootObject = F887D5F91F42781800EF1FAA /* Project object */;
}
