// !$*UTF8*$!
{
	archiveVersion = 1;
	classes = {
	};
	objectVersion = 46;
	objects = {

/* Begin PBXBuildFile section */
		F887D6061F42781900EF1FAA /* main.m in Sources */ = {isa = PBXBuildFile; fileRef = F887D6051F42781900EF1FAA /* main.m */; };
		F887D60F1F42781900EF1FAA /* Main.storyboard in Resources */ = {isa = PBXBuildFile; fileRef = F887D60D1F42781900EF1FAA /* Main.storyboard */; };
		F887D6121F42781900EF1FAA /* LBAiBoKe.xcdatamodeld in Sources */ = {isa = PBXBuildFile; fileRef = F887D6101F42781900EF1FAA /* LBAiBoKe.xcdatamodeld */; };
		F887D6141F42781900EF1FAA /* Assets.xcassets in Resources */ = {isa = PBXBuildFile; fileRef = F887D6131F42781900EF1FAA /* Assets.xcassets */; };
		F887D6171F42781900EF1FAA /* LaunchScreen.storyboard in Resources */ = {isa = PBXBuildFile; fileRef = F887D6151F42781900EF1FAA /* LaunchScreen.storyboard */; };
		F887D6241F4279BD00EF1FAA /* AppDelegate.m in Sources */ = {isa = PBXBuildFile; fileRef = F887D6231F4279BD00EF1FAA /* AppDelegate.m */; };
		F887D62E1F427B5300EF1FAA /* LBABKTabBarController.m in Sources */ = {isa = PBXBuildFile; fileRef = F887D62D1F427B5300EF1FAA /* LBABKTabBarController.m */; };
		F887D6311F427C1400EF1FAA /* LBABKNaviController.m in Sources */ = {isa = PBXBuildFile; fileRef = F887D6301F427C1400EF1FAA /* LBABKNaviController.m */; };
		F887D6481F427E4200EF1FAA /* LBABKHomeController.m in Sources */ = {isa = PBXBuildFile; fileRef = F887D6471F427E4200EF1FAA /* LBABKHomeController.m */; };
		F887D64B1F427E5500EF1FAA /* LBABKShopController.m in Sources */ = {isa = PBXBuildFile; fileRef = F887D64A1F427E5500EF1FAA /* LBABKShopController.m */; };
		F887D64E1F427E6A00EF1FAA /* LBABKClassifyController.m in Sources */ = {isa = PBXBuildFile; fileRef = F887D64D1F427E6A00EF1FAA /* LBABKClassifyController.m */; };
		F887D6511F427E7600EF1FAA /* LBABKMineController.m in Sources */ = {isa = PBXBuildFile; fileRef = F887D6501F427E7600EF1FAA /* LBABKMineController.m */; };
		F887D6541F427E8400EF1FAA /* LBABKClubController.m in Sources */ = {isa = PBXBuildFile; fileRef = F887D6531F427E8400EF1FAA /* LBABKClubController.m */; };
/* End PBXBuildFile section */

/* Begin PBXFileReference section */
		F887D6011F42781900EF1FAA /* LBAiBoKe.app */ = {isa = PBXFileReference; explicitFileType = wrapper.application; includeInIndex = 0; path = LBAiBoKe.app; sourceTree = BUILT_PRODUCTS_DIR; };
		F887D6051F42781900EF1FAA /* main.m */ = {isa = PBXFileReference; lastKnownFileType = sourcecode.c.objc; path = main.m; sourceTree = "<group>"; };
		F887D60E1F42781900EF1FAA /* Base */ = {isa = PBXFileReference; lastKnownFileType = file.storyboard; name = Base; path = Base.lproj/Main.storyboard; sourceTree = "<group>"; };
		F887D6111F42781900EF1FAA /* LBAiBoKe.xcdatamodel */ = {isa = PBXFileReference; lastKnownFileType = wrapper.xcdatamodel; path = LBAiBoKe.xcdatamodel; sourceTree = "<group>"; };
		F887D6131F42781900EF1FAA /* Assets.xcassets */ = {isa = PBXFileReference; lastKnownFileType = folder.assetcatalog; path = Assets.xcassets; sourceTree = "<group>"; };
		F887D6161F42781900EF1FAA /* Base */ = {isa = PBXFileReference; lastKnownFileType = file.storyboard; name = Base; path = Base.lproj/LaunchScreen.storyboard; sourceTree = "<group>"; };
		F887D6181F42781900EF1FAA /* Info.plist */ = {isa = PBXFileReference; lastKnownFileType = text.plist.xml; path = Info.plist; sourceTree = "<group>"; };
		F887D6221F4279BD00EF1FAA /* AppDelegate.h */ = {isa = PBXFileReference; fileEncoding = 4; lastKnownFileType = sourcecode.c.h; path = AppDelegate.h; sourceTree = "<group>"; };
		F887D6231F4279BD00EF1FAA /* AppDelegate.m */ = {isa = PBXFileReference; fileEncoding = 4; lastKnownFileType = sourcecode.c.objc; path = AppDelegate.m; sourceTree = "<group>"; };
		F887D62C1F427B5300EF1FAA /* LBABKTabBarController.h */ = {isa = PBXFileReference; fileEncoding = 4; lastKnownFileType = sourcecode.c.h; path = LBABKTabBarController.h; sourceTree = "<group>"; };
		F887D62D1F427B5300EF1FAA /* LBABKTabBarController.m */ = {isa = PBXFileReference; fileEncoding = 4; lastKnownFileType = sourcecode.c.objc; path = LBABKTabBarController.m; sourceTree = "<group>"; };
		F887D62F1F427C1400EF1FAA /* LBABKNaviController.h */ = {isa = PBXFileReference; fileEncoding = 4; lastKnownFileType = sourcecode.c.h; path = LBABKNaviController.h; sourceTree = "<group>"; };
		F887D6301F427C1400EF1FAA /* LBABKNaviController.m */ = {isa = PBXFileReference; fileEncoding = 4; lastKnownFileType = sourcecode.c.objc; path = LBABKNaviController.m; sourceTree = "<group>"; };
		F887D6461F427E4200EF1FAA /* LBABKHomeController.h */ = {isa = PBXFileReference; fileEncoding = 4; lastKnownFileType = sourcecode.c.h; path = LBABKHomeController.h; sourceTree = "<group>"; };
		F887D6471F427E4200EF1FAA /* LBABKHomeController.m */ = {isa = PBXFileReference; fileEncoding = 4; lastKnownFileType = sourcecode.c.objc; path = LBABKHomeController.m; sourceTree = "<group>"; };
		F887D6491F427E5500EF1FAA /* LBABKShopController.h */ = {isa = PBXFileReference; fileEncoding = 4; lastKnownFileType = sourcecode.c.h; path = LBABKShopController.h; sourceTree = "<group>"; };
		F887D64A1F427E5500EF1FAA /* LBABKShopController.m */ = {isa = PBXFileReference; fileEncoding = 4; lastKnownFileType = sourcecode.c.objc; path = LBABKShopController.m; sourceTree = "<group>"; };
		F887D64C1F427E6A00EF1FAA /* LBABKClassifyController.h */ = {isa = PBXFileReference; fileEncoding = 4; lastKnownFileType = sourcecode.c.h; path = LBABKClassifyController.h; sourceTree = "<group>"; };
		F887D64D1F427E6A00EF1FAA /* LBABKClassifyController.m */ = {isa = PBXFileReference; fileEncoding = 4; lastKnownFileType = sourcecode.c.objc; path = LBABKClassifyController.m; sourceTree = "<group>"; };
		F887D64F1F427E7600EF1FAA /* LBABKMineController.h */ = {isa = PBXFileReference; fileEncoding = 4; lastKnownFileType = sourcecode.c.h; path = LBABKMineController.h; sourceTree = "<group>"; };
		F887D6501F427E7600EF1FAA /* LBABKMineController.m */ = {isa = PBXFileReference; fileEncoding = 4; lastKnownFileType = sourcecode.c.objc; path = LBABKMineController.m; sourceTree = "<group>"; };
		F887D6521F427E8400EF1FAA /* LBABKClubController.h */ = {isa = PBXFileReference; fileEncoding = 4; lastKnownFileType = sourcecode.c.h; path = LBABKClubController.h; sourceTree = "<group>"; };
		F887D6531F427E8400EF1FAA /* LBABKClubController.m */ = {isa = PBXFileReference; fileEncoding = 4; lastKnownFileType = sourcecode.c.objc; path = LBABKClubController.m; sourceTree = "<group>"; };
/* End PBXFileReference section */

/* Begin PBXFrameworksBuildPhase section */
		F887D5FE1F42781800EF1FAA /* Frameworks */ = {
			isa = PBXFrameworksBuildPhase;
			buildActionMask = 2147483647;
			files = (
			);
			runOnlyForDeploymentPostprocessing = 0;
		};
/* End PBXFrameworksBuildPhase section */

/* Begin PBXGroup section */
		F887D5F81F42781800EF1FAA = {
			isa = PBXGroup;
			children = (
				F887D6031F42781900EF1FAA /* LBAiBoKe */,
				F887D6021F42781900EF1FAA /* Products */,
			);
			sourceTree = "<group>";
		};
		F887D6021F42781900EF1FAA /* Products */ = {
			isa = PBXGroup;
			children = (
				F887D6011F42781900EF1FAA /* LBAiBoKe.app */,
			);
			name = Products;
			sourceTree = "<group>";
		};
		F887D6031F42781900EF1FAA /* LBAiBoKe */ = {
			isa = PBXGroup;
			children = (
				F887D6261F427A8700EF1FAA /* Classes */,
				F887D61F1F4279A600EF1FAA /* model */,
				F887D6201F4279A600EF1FAA /* orther */,
				F887D60D1F42781900EF1FAA /* Main.storyboard */,
				F887D6131F42781900EF1FAA /* Assets.xcassets */,
				F887D6151F42781900EF1FAA /* LaunchScreen.storyboard */,
				F887D6181F42781900EF1FAA /* Info.plist */,
				F887D6101F42781900EF1FAA /* LBAiBoKe.xcdatamodeld */,
				F887D6041F42781900EF1FAA /* Supporting Files */,
			);
			path = LBAiBoKe;
			sourceTree = "<group>";
		};
		F887D6041F42781900EF1FAA /* Supporting Files */ = {
			isa = PBXGroup;
			children = (
				F887D6051F42781900EF1FAA /* main.m */,
			);
			name = "Supporting Files";
			sourceTree = "<group>";
		};
		F887D61F1F4279A600EF1FAA /* model */ = {
			isa = PBXGroup;
			children = (
			);
			path = model;
			sourceTree = "<group>";
		};
		F887D6201F4279A600EF1FAA /* orther */ = {
			isa = PBXGroup;
			children = (
				F887D6221F4279BD00EF1FAA /* AppDelegate.h */,
				F887D6231F4279BD00EF1FAA /* AppDelegate.m */,
			);
			path = orther;
			sourceTree = "<group>";
		};
		F887D6261F427A8700EF1FAA /* Classes */ = {
			isa = PBXGroup;
			children = (
				F887D6281F427AAE00EF1FAA /* Main */,
				F887D6421F427E1A00EF1FAA /* Home */,
				F887D6361F427DED00EF1FAA /* Club */,
				F887D63A1F427DED00EF1FAA /* Mine */,
				F887D63E1F427DED00EF1FAA /* Shop */,
				F887D6321F427D3F00EF1FAA /* Classify */,
			);
			path = Classes;
			sourceTree = "<group>";
		};
		F887D6281F427AAE00EF1FAA /* Main */ = {
			isa = PBXGroup;
			children = (
				F887D6291F427B0D00EF1FAA /* Controller */,
				F887D62A1F427B0D00EF1FAA /* Model */,
				F887D62B1F427B0D00EF1FAA /* View */,
			);
			path = Main;
			sourceTree = "<group>";
		};
		F887D6291F427B0D00EF1FAA /* Controller */ = {
			isa = PBXGroup;
			children = (
				F887D62C1F427B5300EF1FAA /* LBABKTabBarController.h */,
				F887D62D1F427B5300EF1FAA /* LBABKTabBarController.m */,
				F887D62F1F427C1400EF1FAA /* LBABKNaviController.h */,
				F887D6301F427C1400EF1FAA /* LBABKNaviController.m */,
			);
			path = Controller;
			sourceTree = "<group>";
		};
		F887D62A1F427B0D00EF1FAA /* Model */ = {
			isa = PBXGroup;
			children = (
			);
			path = Model;
			sourceTree = "<group>";
		};
		F887D62B1F427B0D00EF1FAA /* View */ = {
			isa = PBXGroup;
			children = (
			);
			path = View;
			sourceTree = "<group>";
		};
		F887D6321F427D3F00EF1FAA /* Classify */ = {
			isa = PBXGroup;
			children = (
				F887D6331F427D3F00EF1FAA /* Controller */,
				F887D6341F427D3F00EF1FAA /* Model */,
				F887D6351F427D3F00EF1FAA /* View */,
			);
			name = Classify;
			path = Main/Classify;
			sourceTree = "<group>";
		};
		F887D6331F427D3F00EF1FAA /* Controller */ = {
			isa = PBXGroup;
			children = (
				F887D64C1F427E6A00EF1FAA /* LBABKClassifyController.h */,
				F887D64D1F427E6A00EF1FAA /* LBABKClassifyController.m */,
			);
			path = Controller;
			sourceTree = "<group>";
		};
		F887D6341F427D3F00EF1FAA /* Model */ = {
			isa = PBXGroup;
			children = (
			);
			path = Model;
			sourceTree = "<group>";
		};
		F887D6351F427D3F00EF1FAA /* View */ = {
			isa = PBXGroup;
			children = (
			);
			path = View;
			sourceTree = "<group>";
		};
		F887D6361F427DED00EF1FAA /* Club */ = {
			isa = PBXGroup;
			children = (
				F887D6371F427DED00EF1FAA /* Controller */,
				F887D6381F427DED00EF1FAA /* Model */,
				F887D6391F427DED00EF1FAA /* View */,
			);
			path = Club;
			sourceTree = "<group>";
		};
		F887D6371F427DED00EF1FAA /* Controller */ = {
			isa = PBXGroup;
			children = (
				F887D6521F427E8400EF1FAA /* LBABKClubController.h */,
				F887D6531F427E8400EF1FAA /* LBABKClubController.m */,
			);
			path = Controller;
			sourceTree = "<group>";
		};
		F887D6381F427DED00EF1FAA /* Model */ = {
			isa = PBXGroup;
			children = (
			);
			path = Model;
			sourceTree = "<group>";
		};
		F887D6391F427DED00EF1FAA /* View */ = {
			isa = PBXGroup;
			children = (
			);
			path = View;
			sourceTree = "<group>";
		};
		F887D63A1F427DED00EF1FAA /* Mine */ = {
			isa = PBXGroup;
			children = (
				F887D63B1F427DED00EF1FAA /* Controller */,
				F887D63C1F427DED00EF1FAA /* Model */,
				F887D63D1F427DED00EF1FAA /* View */,
			);
			path = Mine;
			sourceTree = "<group>";
		};
		F887D63B1F427DED00EF1FAA /* Controller */ = {
			isa = PBXGroup;
			children = (
				F887D64F1F427E7600EF1FAA /* LBABKMineController.h */,
				F887D6501F427E7600EF1FAA /* LBABKMineController.m */,
			);
			path = Controller;
			sourceTree = "<group>";
		};
		F887D63C1F427DED00EF1FAA /* Model */ = {
			isa = PBXGroup;
			children = (
			);
			path = Model;
			sourceTree = "<group>";
		};
		F887D63D1F427DED00EF1FAA /* View */ = {
			isa = PBXGroup;
			children = (
			);
			path = View;
			sourceTree = "<group>";
		};
		F887D63E1F427DED00EF1FAA /* Shop */ = {
			isa = PBXGroup;
			children = (
				F887D63F1F427DED00EF1FAA /* Controller */,
				F887D6401F427DED00EF1FAA /* Model */,
				F887D6411F427DED00EF1FAA /* View */,
			);
			path = Shop;
			sourceTree = "<group>";
		};
		F887D63F1F427DED00EF1FAA /* Controller */ = {
			isa = PBXGroup;
			children = (
				F887D6491F427E5500EF1FAA /* LBABKShopController.h */,
				F887D64A1F427E5500EF1FAA /* LBABKShopController.m */,
			);
			path = Controller;
			sourceTree = "<group>";
		};
		F887D6401F427DED00EF1FAA /* Model */ = {
			isa = PBXGroup;
			children = (
			);
			path = Model;
			sourceTree = "<group>";
		};
		F887D6411F427DED00EF1FAA /* View */ = {
			isa = PBXGroup;
			children = (
			);
			path = View;
			sourceTree = "<group>";
		};
		F887D6421F427E1A00EF1FAA /* Home */ = {
			isa = PBXGroup;
			children = (
				F887D6431F427E1A00EF1FAA /* Controller */,
				F887D6441F427E1A00EF1FAA /* Model */,
				F887D6451F427E1A00EF1FAA /* View */,
			);
			path = Home;
			sourceTree = "<group>";
		};
		F887D6431F427E1A00EF1FAA /* Controller */ = {
			isa = PBXGroup;
			children = (
				F887D6461F427E4200EF1FAA /* LBABKHomeController.h */,
				F887D6471F427E4200EF1FAA /* LBABKHomeController.m */,
			);
			path = Controller;
			sourceTree = "<group>";
		};
		F887D6441F427E1A00EF1FAA /* Model */ = {
			isa = PBXGroup;
			children = (
			);
			path = Model;
			sourceTree = "<group>";
		};
		F887D6451F427E1A00EF1FAA /* View */ = {
			isa = PBXGroup;
			children = (
			);
			path = View;
			sourceTree = "<group>";
		};
/* End PBXGroup section */

/* Begin PBXNativeTarget section */
		F887D6001F42781800EF1FAA /* LBAiBoKe */ = {
			isa = PBXNativeTarget;
			buildConfigurationList = F887D61B1F42781900EF1FAA /* Build configuration list for PBXNativeTarget "LBAiBoKe" */;
			buildPhases = (
				F887D5FD1F42781800EF1FAA /* Sources */,
				F887D5FE1F42781800EF1FAA /* Frameworks */,
				F887D5FF1F42781800EF1FAA /* Resources */,
			);
			buildRules = (
			);
			dependencies = (
			);
			name = LBAiBoKe;
			productName = LBAiBoKe;
			productReference = F887D6011F42781900EF1FAA /* LBAiBoKe.app */;
			productType = "com.apple.product-type.application";
		};
/* End PBXNativeTarget section */

/* Begin PBXProject section */
		F887D5F91F42781800EF1FAA /* Project object */ = {
			isa = PBXProject;
			attributes = {
				CLASSPREFIX = LBABK;
				LastUpgradeCheck = 0830;
				ORGANIZATIONNAME = liubo;
				TargetAttributes = {
					F887D6001F42781800EF1FAA = {
						CreatedOnToolsVersion = 8.3.3;
						DevelopmentTeam = MECQS3Z269;
						ProvisioningStyle = Automatic;
					};
				};
			};
			buildConfigurationList = F887D5FC1F42781800EF1FAA /* Build configuration list for PBXProject "LBAiBoKe" */;
			compatibilityVersion = "Xcode 3.2";
			developmentRegion = English;
			hasScannedForEncodings = 0;
			knownRegions = (
				en,
				Base,
			);
			mainGroup = F887D5F81F42781800EF1FAA;
			productRefGroup = F887D6021F42781900EF1FAA /* Products */;
			projectDirPath = "";
			projectRoot = "";
			targets = (
				F887D6001F42781800EF1FAA /* LBAiBoKe */,
			);
		};
/* End PBXProject section */

/* Begin PBXResourcesBuildPhase section */
		F887D5FF1F42781800EF1FAA /* Resources */ = {
			isa = PBXResourcesBuildPhase;
			buildActionMask = 2147483647;
			files = (
				F887D6171F42781900EF1FAA /* LaunchScreen.storyboard in Resources */,
				F887D6141F42781900EF1FAA /* Assets.xcassets in Resources */,
				F887D60F1F42781900EF1FAA /* Main.storyboard in Resources */,
			);
			runOnlyForDeploymentPostprocessing = 0;
		};
/* End PBXResourcesBuildPhase section */

/* Begin PBXSourcesBuildPhase section */
		F887D5FD1F42781800EF1FAA /* Sources */ = {
			isa = PBXSourcesBuildPhase;
			buildActionMask = 2147483647;
			files = (
				F887D6241F4279BD00EF1FAA /* AppDelegate.m in Sources */,
				F887D6481F427E4200EF1FAA /* LBABKHomeController.m in Sources */,
				F887D64E1F427E6A00EF1FAA /* LBABKClassifyController.m in Sources */,
				F887D6511F427E7600EF1FAA /* LBABKMineController.m in Sources */,
				F887D64B1F427E5500EF1FAA /* LBABKShopController.m in Sources */,
				F887D6311F427C1400EF1FAA /* LBABKNaviController.m in Sources */,
				F887D6541F427E8400EF1FAA /* LBABKClubController.m in Sources */,
				F887D6121F42781900EF1FAA /* LBAiBoKe.xcdatamodeld in Sources */,
				F887D62E1F427B5300EF1FAA /* LBABKTabBarController.m in Sources */,
				F887D6061F42781900EF1FAA /* main.m in Sources */,
			);
			runOnlyForDeploymentPostprocessing = 0;
		};
/* End PBXSourcesBuildPhase section */

/* Begin PBXVariantGroup section */
		F887D60D1F42781900EF1FAA /* Main.storyboard */ = {
			isa = PBXVariantGroup;
			children = (
				F887D60E1F42781900EF1FAA /* Base */,
			);
			name = Main.storyboard;
			sourceTree = "<group>";
		};
		F887D6151F42781900EF1FAA /* LaunchScreen.storyboard */ = {
			isa = PBXVariantGroup;
			children = (
				F887D6161F42781900EF1FAA /* Base */,
			);
			name = LaunchScreen.storyboard;
			sourceTree = "<group>";
		};
/* End PBXVariantGroup section */

/* Begin XCBuildConfiguration section */
		F887D6191F42781900EF1FAA /* Debug */ = {
			isa = XCBuildConfiguration;
			buildSettings = {
				ALWAYS_SEARCH_USER_PATHS = NO;
				CLANG_ANALYZER_NONNULL = YES;
				CLANG_ANALYZER_NUMBER_OBJECT_CONVERSION = YES_AGGRESSIVE;
				CLANG_CXX_LANGUAGE_STANDARD = "gnu++0x";
				CLANG_CXX_LIBRARY = "libc++";
				CLANG_ENABLE_MODULES = YES;
				CLANG_ENABLE_OBJC_ARC = YES;
				CLANG_WARN_BOOL_CONVERSION = YES;
				CLANG_WARN_CONSTANT_CONVERSION = YES;
				CLANG_WARN_DIRECT_OBJC_ISA_USAGE = YES_ERROR;
				CLANG_WARN_DOCUMENTATION_COMMENTS = YES;
				CLANG_WARN_EMPTY_BODY = YES;
				CLANG_WARN_ENUM_CONVERSION = YES;
				CLANG_WARN_INFINITE_RECURSION = YES;
				CLANG_WARN_INT_CONVERSION = YES;
				CLANG_WARN_OBJC_ROOT_CLASS = YES_ERROR;
				CLANG_WARN_SUSPICIOUS_MOVE = YES;
				CLANG_WARN_UNREACHABLE_CODE = YES;
				CLANG_WARN__DUPLICATE_METHOD_MATCH = YES;
				"CODE_SIGN_IDENTITY[sdk=iphoneos*]" = "iPhone Developer";
				COPY_PHASE_STRIP = NO;
				DEBUG_INFORMATION_FORMAT = dwarf;
				ENABLE_STRICT_OBJC_MSGSEND = YES;
				ENABLE_TESTABILITY = YES;
				GCC_C_LANGUAGE_STANDARD = gnu99;
				GCC_DYNAMIC_NO_PIC = NO;
				GCC_NO_COMMON_BLOCKS = YES;
				GCC_OPTIMIZATION_LEVEL = 0;
				GCC_PREPROCESSOR_DEFINITIONS = (
					"DEBUG=1",
					"$(inherited)",
				);
				GCC_WARN_64_TO_32_BIT_CONVERSION = YES;
				GCC_WARN_ABOUT_RETURN_TYPE = YES_ERROR;
				GCC_WARN_UNDECLARED_SELECTOR = YES;
				GCC_WARN_UNINITIALIZED_AUTOS = YES_AGGRESSIVE;
				GCC_WARN_UNUSED_FUNCTION = YES;
				GCC_WARN_UNUSED_VARIABLE = YES;
				IPHONEOS_DEPLOYMENT_TARGET = 10.3;
				MTL_ENABLE_DEBUG_INFO = YES;
				ONLY_ACTIVE_ARCH = YES;
				SDKROOT = iphoneos;
			};
			name = Debug;
		};
		F887D61A1F42781900EF1FAA /* Release */ = {
			isa = XCBuildConfiguration;
			buildSettings = {
				ALWAYS_SEARCH_USER_PATHS = NO;
				CLANG_ANALYZER_NONNULL = YES;
				CLANG_ANALYZER_NUMBER_OBJECT_CONVERSION = YES_AGGRESSIVE;
				CLANG_CXX_LANGUAGE_STANDARD = "gnu++0x";
				CLANG_CXX_LIBRARY = "libc++";
				CLANG_ENABLE_MODULES = YES;
				CLANG_ENABLE_OBJC_ARC = YES;
				CLANG_WARN_BOOL_CONVERSION = YES;
				CLANG_WARN_CONSTANT_CONVERSION = YES;
				CLANG_WARN_DIRECT_OBJC_ISA_USAGE = YES_ERROR;
				CLANG_WARN_DOCUMENTATION_COMMENTS = YES;
				CLANG_WARN_EMPTY_BODY = YES;
				CLANG_WARN_ENUM_CONVERSION = YES;
				CLANG_WARN_INFINITE_RECURSION = YES;
				CLANG_WARN_INT_CONVERSION = YES;
				CLANG_WARN_OBJC_ROOT_CLASS = YES_ERROR;
				CLANG_WARN_SUSPICIOUS_MOVE = YES;
				CLANG_WARN_UNREACHABLE_CODE = YES;
				CLANG_WARN__DUPLICATE_METHOD_MATCH = YES;
				"CODE_SIGN_IDENTITY[sdk=iphoneos*]" = "iPhone Developer";
				COPY_PHASE_STRIP = NO;
				DEBUG_INFORMATION_FORMAT = "dwarf-with-dsym";
				ENABLE_NS_ASSERTIONS = NO;
				ENABLE_STRICT_OBJC_MSGSEND = YES;
				GCC_C_LANGUAGE_STANDARD = gnu99;
				GCC_NO_COMMON_BLOCKS = YES;
				GCC_WARN_64_TO_32_BIT_CONVERSION = YES;
				GCC_WARN_ABOUT_RETURN_TYPE = YES_ERROR;
				GCC_WARN_UNDECLARED_SELECTOR = YES;
				GCC_WARN_UNINITIALIZED_AUTOS = YES_AGGRESSIVE;
				GCC_WARN_UNUSED_FUNCTION = YES;
				GCC_WARN_UNUSED_VARIABLE = YES;
				IPHONEOS_DEPLOYMENT_TARGET = 10.3;
				MTL_ENABLE_DEBUG_INFO = NO;
				SDKROOT = iphoneos;
				VALIDATE_PRODUCT = YES;
			};
			name = Release;
		};
		F887D61C1F42781900EF1FAA /* Debug */ = {
			isa = XCBuildConfiguration;
			buildSettings = {
				ASSETCATALOG_COMPILER_APPICON_NAME = AppIcon;
				DEVELOPMENT_TEAM = MECQS3Z269;
				INFOPLIST_FILE = LBAiBoKe/Info.plist;
				IPHONEOS_DEPLOYMENT_TARGET = 8.0;
				LD_RUNPATH_SEARCH_PATHS = "$(inherited) @executable_path/Frameworks";
				PRODUCT_BUNDLE_IDENTIFIER = com.liubo.LBAiBoKe;
				PRODUCT_NAME = "$(TARGET_NAME)";
			};
			name = Debug;
		};
		F887D61D1F42781900EF1FAA /* Release */ = {
			isa = XCBuildConfiguration;
			buildSettings = {
				ASSETCATALOG_COMPILER_APPICON_NAME = AppIcon;
				DEVELOPMENT_TEAM = MECQS3Z269;
				INFOPLIST_FILE = LBAiBoKe/Info.plist;
				IPHONEOS_DEPLOYMENT_TARGET = 8.0;
				LD_RUNPATH_SEARCH_PATHS = "$(inherited) @executable_path/Frameworks";
				PRODUCT_BUNDLE_IDENTIFIER = com.liubo.LBAiBoKe;
				PRODUCT_NAME = "$(TARGET_NAME)";
			};
			name = Release;
		};
/* End XCBuildConfiguration section */

/* Begin XCConfigurationList section */
		F887D5FC1F42781800EF1FAA /* Build configuration list for PBXProject "LBAiBoKe" */ = {
			isa = XCConfigurationList;
			buildConfigurations = (
				F887D6191F42781900EF1FAA /* Debug */,
				F887D61A1F42781900EF1FAA /* Release */,
			);
			defaultConfigurationIsVisible = 0;
			defaultConfigurationName = Release;
		};
		F887D61B1F42781900EF1FAA /* Build configuration list for PBXNativeTarget "LBAiBoKe" */ = {
			isa = XCConfigurationList;
			buildConfigurations = (
				F887D61C1F42781900EF1FAA /* Debug */,
				F887D61D1F42781900EF1FAA /* Release */,
			);
			defaultConfigurationIsVisible = 0;
		};
/* End XCConfigurationList section */

/* Begin XCVersionGroup section */
		F887D6101F42781900EF1FAA /* LBAiBoKe.xcdatamodeld */ = {
			isa = XCVersionGroup;
			children = (
				F887D6111F42781900EF1FAA /* LBAiBoKe.xcdatamodel */,
			);
			currentVersion = F887D6111F42781900EF1FAA /* LBAiBoKe.xcdatamodel */;
			path = LBAiBoKe.xcdatamodeld;
			sourceTree = "<group>";
			versionGroupType = wrapper.xcdatamodel;
		};
/* End XCVersionGroup section */
	};
	rootObject = F887D5F91F42781800EF1FAA /* Project object */;
}
